
Microsoft Visual Studio Solution File, Format Version 12.00
# Visual Studio Version 17
VisualStudioVersion = 17.7.34024.191
MinimumVisualStudioVersion = 10.0.40219.1
Project("{FAE04EC0-301F-11D3-BF4B-00C04F79EFBC}") = "ToDoList.Api", "ToDoList.Api\ToDoList.Api.csproj", "{AAC77B75-BB09-4D12-890B-0C896BE98D62}"
EndProject
Project("{FAE04EC0-301F-11D3-BF4B-00C04F79EFBC}") = "ToDoList.Domain", "ToDoList.Domain\ToDoList.Domain.csproj", "{193997F5-A61B-4A71-ABDA-B43B3D34F23D}"
EndProject
Project("{FAE04EC0-301F-11D3-BF4B-00C04F79EFBC}") = "ToDoList.Infrastructure", "ToDoList.Infrastructure\ToDoList.Infrastructure.csproj", "{C52CA59E-7B39-4489-A5B0-81543E7DEEB9}"
EndProject
Project("{FAE04EC0-301F-11D3-BF4B-00C04F79EFBC}") = "ToDoList.Infrastructure.Tests", "ToDoList.Infrastructure.Tests\ToDoList.Infrastructure.Tests.csproj", "{C10DD764-CF16-4323-9F3B-EABEFB77ABC8}"
EndProject
Global
	GlobalSection(SolutionConfigurationPlatforms) = preSolution
		Debug|Any CPU = Debug|Any CPU
		Release|Any CPU = Release|Any CPU
	EndGlobalSection
	GlobalSection(ProjectConfigurationPlatforms) = postSolution
		{AAC77B75-BB09-4D12-890B-0C896BE98D62}.Debug|Any CPU.ActiveCfg = Debug|Any CPU
		{AAC77B75-BB09-4D12-890B-0C896BE98D62}.Debug|Any CPU.Build.0 = Debug|Any CPU
		{AAC77B75-BB09-4D12-890B-0C896BE98D62}.Release|Any CPU.ActiveCfg = Release|Any CPU
		{AAC77B75-BB09-4D12-890B-0C896BE98D62}.Release|Any CPU.Build.0 = Release|Any CPU
		{193997F5-A61B-4A71-ABDA-B43B3D34F23D}.Debug|Any CPU.ActiveCfg = Debug|Any CPU
		{193997F5-A61B-4A71-ABDA-B43B3D34F23D}.Debug|Any CPU.Build.0 = Debug|Any CPU
		{193997F5-A61B-4A71-ABDA-B43B3D34F23D}.Release|Any CPU.ActiveCfg = Release|Any CPU
		{193997F5-A61B-4A71-ABDA-B43B3D34F23D}.Release|Any CPU.Build.0 = Release|Any CPU
		{C52CA59E-7B39-4489-A5B0-81543E7DEEB9}.Debug|Any CPU.ActiveCfg = Debug|Any CPU
		{C52CA59E-7B39-4489-A5B0-81543E7DEEB9}.Debug|Any CPU.Build.0 = Debug|Any CPU
		{C52CA59E-7B39-4489-A5B0-81543E7DEEB9}.Release|Any CPU.ActiveCfg = Release|Any CPU
		{C52CA59E-7B39-4489-A5B0-81543E7DEEB9}.Release|Any CPU.Build.0 = Release|Any CPU
		{C10DD764-CF16-4323-9F3B-EABEFB77ABC8}.Debug|Any CPU.ActiveCfg = Debug|Any CPU
		{C10DD764-CF16-4323-9F3B-EABEFB77ABC8}.Debug|Any CPU.Build.0 = Debug|Any CPU
		{C10DD764-CF16-4323-9F3B-EABEFB77ABC8}.Release|Any CPU.ActiveCfg = Release|Any CPU
		{C10DD764-CF16-4323-9F3B-EABEFB77ABC8}.Release|Any CPU.Build.0 = Release|Any CPU
	EndGlobalSection
	GlobalSection(SolutionProperties) = preSolution
		HideSolutionNode = FALSE
	EndGlobalSection
	GlobalSection(ExtensibilityGlobals) = postSolution
		SolutionGuid = {3E642573-949E-4BED-ABBB-A7DE2441334D}
	EndGlobalSection
EndGlobal
